// !$*UTF8*$!
{
	archiveVersion = 1;
	classes = {
	};
	objectVersion = 48;
	objects = {

/* Begin PBXBuildFile section */
		8BA67A6A1FC34D730042593A /* AppDelegate.m in Sources */ = {isa = PBXBuildFile; fileRef = 8BA67A691FC34D730042593A /* AppDelegate.m */; };
		8BA67A6D1FC34D730042593A /* ViewController.m in Sources */ = {isa = PBXBuildFile; fileRef = 8BA67A6C1FC34D730042593A /* ViewController.m */; };
		8BA67A701FC34D730042593A /* Main.storyboard in Resources */ = {isa = PBXBuildFile; fileRef = 8BA67A6E1FC34D730042593A /* Main.storyboard */; };
		8BA67A721FC34D730042593A /* Assets.xcassets in Resources */ = {isa = PBXBuildFile; fileRef = 8BA67A711FC34D730042593A /* Assets.xcassets */; };
		8BA67A751FC34D730042593A /* LaunchScreen.storyboard in Resources */ = {isa = PBXBuildFile; fileRef = 8BA67A731FC34D730042593A /* LaunchScreen.storyboard */; };
		8BA67A781FC34D730042593A /* main.m in Sources */ = {isa = PBXBuildFile; fileRef = 8BA67A771FC34D730042593A /* main.m */; };
/* End PBXBuildFile section */

/* Begin PBXFileReference section */
		8BA67A651FC34D730042593A /* ModelExampleForIS.app */ = {isa = PBXFileReference; explicitFileType = wrapper.application; includeInIndex = 0; path = ModelExampleForIS.app; sourceTree = BUILT_PRODUCTS_DIR; };
		8BA67A681FC34D730042593A /* AppDelegate.h */ = {isa = PBXFileReference; lastKnownFileType = sourcecode.c.h; path = AppDelegate.h; sourceTree = "<group>"; };
		8BA67A691FC34D730042593A /* AppDelegate.m */ = {isa = PBXFileReference; lastKnownFileType = sourcecode.c.objc; path = AppDelegate.m; sourceTree = "<group>"; };
		8BA67A6B1FC34D730042593A /* ViewController.h */ = {isa = PBXFileReference; lastKnownFileType = sourcecode.c.h; path = ViewController.h; sourceTree = "<group>"; };
		8BA67A6C1FC34D730042593A /* ViewController.m */ = {isa = PBXFileReference; lastKnownFileType = sourcecode.c.objc; path = ViewController.m; sourceTree = "<group>"; };
		8BA67A6F1FC34D730042593A /* Base */ = {isa = PBXFileReference; lastKnownFileType = file.storyboard; name = Base; path = Base.lproj/Main.storyboard; sourceTree = "<group>"; };
		8BA67A711FC34D730042593A /* Assets.xcassets */ = {isa = PBXFileReference; lastKnownFileType = folder.assetcatalog; path = Assets.xcassets; sourceTree = "<group>"; };
		8BA67A741FC34D730042593A /* Base */ = {isa = PBXFileReference; lastKnownFileType = file.storyboard; name = Base; path = Base.lproj/LaunchScreen.storyboard; sourceTree = "<group>"; };
		8BA67A761FC34D730042593A /* Info.plist */ = {isa = PBXFileReference; lastKnownFileType = text.plist.xml; path = Info.plist; sourceTree = "<group>"; };
		8BA67A771FC34D730042593A /* main.m */ = {isa = PBXFileReference; lastKnownFileType = sourcecode.c.objc; path = main.m; sourceTree = "<group>"; };
/* End PBXFileReference section */

/* Begin PBXFrameworksBuildPhase section */
		8BA67A621FC34D730042593A /* Frameworks */ = {
			isa = PBXFrameworksBuildPhase;
			buildActionMask = 2147483647;
			files = (
			);
			runOnlyForDeploymentPostprocessing = 0;
		};
/* End PBXFrameworksBuildPhase section */

/* Begin PBXGroup section */
		8BA67A5C1FC34D730042593A = {
			isa = PBXGroup;
			children = (
				8BA67A671FC34D730042593A /* ModelExampleForIS */,
				8BA67A661FC34D730042593A /* Products */,
			);
			sourceTree = "<group>";
		};
		8BA67A661FC34D730042593A /* Products */ = {
			isa = PBXGroup;
			children = (
				8BA67A651FC34D730042593A /* ModelExampleForIS.app */,
			);
			name = Products;
			sourceTree = "<group>";
		};
		8BA67A671FC34D730042593A /* ModelExampleForIS */ = {
			isa = PBXGroup;
			children = (
				8BA67A681FC34D730042593A /* AppDelegate.h */,
				8BA67A691FC34D730042593A /* AppDelegate.m */,
				8BA67A6B1FC34D730042593A /* ViewController.h */,
				8BA67A6C1FC34D730042593A /* ViewController.m */,
				8BA67A6E1FC34D730042593A /* Main.storyboard */,
				8BA67A711FC34D730042593A /* Assets.xcassets */,
				8BA67A731FC34D730042593A /* LaunchScreen.storyboard */,
				8BA67A761FC34D730042593A /* Info.plist */,
				8BA67A771FC34D730042593A /* main.m */,
			);
			path = ModelExampleForIS;
			sourceTree = "<group>";
		};
/* End PBXGroup section */

/* Begin PBXNativeTarget section */
		8BA67A641FC34D730042593A /* ModelExampleForIS */ = {
			isa = PBXNativeTarget;
			buildConfigurationList = 8BA67A7B1FC34D730042593A /* Build configuration list for PBXNativeTarget "ModelExampleForIS" */;
			buildPhases = (
				8BA67A611FC34D730042593A /* Sources */,
				8BA67A621FC34D730042593A /* Frameworks */,
				8BA67A631FC34D730042593A /* Resources */,
			);
			buildRules = (
			);
			dependencies = (
			);
			name = ModelExampleForIS;
			productName = ModelExampleForIS;
			productReference = 8BA67A651FC34D730042593A /* ModelExampleForIS.app */;
			productType = "com.apple.product-type.application";
		};
/* End PBXNativeTarget section */

/* Begin PBXProject section */
		8BA67A5D1FC34D730042593A /* Project object */ = {
			isa = PBXProject;
			attributes = {
				LastUpgradeCheck = 0910;
				ORGANIZATIONNAME = SKS;
				TargetAttributes = {
					8BA67A641FC34D730042593A = {
						CreatedOnToolsVersion = 9.1;
						ProvisioningStyle = Automatic;
					};
				};
			};
			buildConfigurationList = 8BA67A601FC34D730042593A /* Build configuration list for PBXProject "ModelExampleForIS" */;
			compatibilityVersion = "Xcode 8.0";
			developmentRegion = en;
			hasScannedForEncodings = 0;
			knownRegions = (
				en,
				Base,
			);
			mainGroup = 8BA67A5C1FC34D730042593A;
			productRefGroup = 8BA67A661FC34D730042593A /* Products */;
			projectDirPath = "";
			projectRoot = "";
			targets = (
				8BA67A641FC34D730042593A /* ModelExampleForIS */,
			);
		};
/* End PBXProject section */

/* Begin PBXResourcesBuildPhase section */
		8BA67A631FC34D730042593A /* Resources */ = {
			isa = PBXResourcesBuildPhase;
			buildActionMask = 2147483647;
			files = (
				8BA67A751FC34D730042593A /* LaunchScreen.storyboard in Resources */,
				8BA67A721FC34D730042593A /* Assets.xcassets in Resources */,
				8BA67A701FC34D730042593A /* Main.storyboard in Resources */,
			);
			runOnlyForDeploymentPostprocessing = 0;
		};
/* End PBXResourcesBuildPhase section */

/* Begin PBXSourcesBuildPhase section */
		8BA67A611FC34D730042593A /* Sources */ = {
			isa = PBXSourcesBuildPhase;
			buildActionMask = 2147483647;
			files = (
				8BA67A6D1FC34D730042593A /* ViewController.m in Sources */,
				8BA67A781FC34D730042593A /* main.m in Sources */,
				8BA67A6A1FC34D730042593A /* AppDelegate.m in Sources */,
			);
			runOnlyForDeploymentPostprocessing = 0;
		};
/* End PBXSourcesBuildPhase section */

/* Begin PBXVariantGroup section */
		8BA67A6E1FC34D730042593A /* Main.storyboard */ = {
			isa = PBXVariantGroup;
			children = (
				8BA67A6F1FC34D730042593A /* Base */,
			);
			name = Main.storyboard;
			sourceTree = "<group>";
		};
		8BA67A731FC34D730042593A /* LaunchScreen.storyboard */ = {
			isa = PBXVariantGroup;
			children = (
				8BA67A741FC34D730042593A /* Base */,
			);
			name = LaunchScreen.storyboard;
			sourceTree = "<group>";
		};
/* End PBXVariantGroup section */

/* Begin XCBuildConfiguration section */
		8BA67A791FC34D730042593A /* Debug */ = {
			isa = XCBuildConfiguration;
			buildSettings = {
				ALWAYS_SEARCH_USER_PATHS = NO;
				CLANG_ANALYZER_NONNULL = YES;
				CLANG_ANALYZER_NUMBER_OBJECT_CONVERSION = YES_AGGRESSIVE;
				CLANG_CXX_LANGUAGE_STANDARD = "gnu++14";
				CLANG_CXX_LIBRARY = "libc++";
				CLANG_ENABLE_MODULES = YES;
				CLANG_ENABLE_OBJC_ARC = YES;
				CLANG_WARN_BLOCK_CAPTURE_AUTORELEASING = YES;
				CLANG_WARN_BOOL_CONVERSION = YES;
				CLANG_WARN_COMMA = YES;
				CLANG_WARN_CONSTANT_CONVERSION = YES;
				CLANG_WARN_DIRECT_OBJC_ISA_USAGE = YES_ERROR;
				CLANG_WARN_DOCUMENTATION_COMMENTS = YES;
				CLANG_WARN_EMPTY_BODY = YES;
				CLANG_WARN_ENUM_CONVERSION = YES;
				CLANG_WARN_INFINITE_RECURSION = YES;
				CLANG_WARN_INT_CONVERSION = YES;
				CLANG_WARN_NON_LITERAL_NULL_CONVERSION = YES;
				CLANG_WARN_OBJC_LITERAL_CONVERSION = YES;
				CLANG_WARN_OBJC_ROOT_CLASS = YES_ERROR;
				CLANG_WARN_RANGE_LOOP_ANALYSIS = YES;
				CLANG_WARN_STRICT_PROTOTYPES = YES;
				CLANG_WARN_SUSPICIOUS_MOVE = YES;
				CLANG_WARN_UNGUARDED_AVAILABILITY = YES_AGGRESSIVE;
				CLANG_WARN_UNREACHABLE_CODE = YES;
				CLANG_WARN__DUPLICATE_METHOD_MATCH = YES;
				CODE_SIGN_IDENTITY = "iPhone Developer";
				COPY_PHASE_STRIP = NO;
				DEBUG_INFORMATION_FORMAT = dwarf;
				ENABLE_STRICT_OBJC_MSGSEND = YES;
				ENABLE_TESTABILITY = YES;
				GCC_C_LANGUAGE_STANDARD = gnu11;
				GCC_DYNAMIC_NO_PIC = NO;
				GCC_NO_COMMON_BLOCKS = YES;
				GCC_OPTIMIZATION_LEVEL = 0;
				GCC_PREPROCESSOR_DEFINITIONS = (
					"DEBUG=1",
					"$(inherited)",
				);
				GCC_WARN_64_TO_32_BIT_CONVERSION = YES;
				GCC_WARN_ABOUT_RETURN_TYPE = YES_ERROR;
				GCC_WARN_UNDECLARED_SELECTOR = YES;
				GCC_WARN_UNINITIALIZED_AUTOS = YES_AGGRESSIVE;
				GCC_WARN_UNUSED_FUNCTION = YES;
				GCC_WARN_UNUSED_VARIABLE = YES;
				IPHONEOS_DEPLOYMENT_TARGET = 11.1;
				MTL_ENABLE_DEBUG_INFO = YES;
				ONLY_ACTIVE_ARCH = YES;
				SDKROOT = iphoneos;
			};
			name = Debug;
		};
		8BA67A7A1FC34D730042593A /* Release */ = {
			isa = XCBuildConfiguration;
			buildSettings = {
				ALWAYS_SEARCH_USER_PATHS = NO;
				CLANG_ANALYZER_NONNULL = YES;
				CLANG_ANALYZER_NUMBER_OBJECT_CONVERSION = YES_AGGRESSIVE;
				CLANG_CXX_LANGUAGE_STANDARD = "gnu++14";
				CLANG_CXX_LIBRARY = "libc++";
				CLANG_ENABLE_MODULES = YES;
				CLANG_ENABLE_OBJC_ARC = YES;
				CLANG_WARN_BLOCK_CAPTURE_AUTORELEASING = YES;
				CLANG_WARN_BOOL_CONVERSION = YES;
				CLANG_WARN_COMMA = YES;
				CLANG_WARN_CONSTANT_CONVERSION = YES;
				CLANG_WARN_DIRECT_OBJC_ISA_USAGE = YES_ERROR;
				CLANG_WARN_DOCUMENTATION_COMMENTS = YES;
				CLANG_WARN_EMPTY_BODY = YES;
				CLANG_WARN_ENUM_CONVERSION = YES;
				CLANG_WARN_INFINITE_RECURSION = YES;
				CLANG_WARN_INT_CONVERSION = YES;
				CLANG_WARN_NON_LITERAL_NULL_CONVERSION = YES;
				CLANG_WARN_OBJC_LITERAL_CONVERSION = YES;
				CLANG_WARN_OBJC_ROOT_CLASS = YES_ERROR;
				CLANG_WARN_RANGE_LOOP_ANALYSIS = YES;
				CLANG_WARN_STRICT_PROTOTYPES = YES;
				CLANG_WARN_SUSPICIOUS_MOVE = YES;
				CLANG_WARN_UNGUARDED_AVAILABILITY = YES_AGGRESSIVE;
				CLANG_WARN_UNREACHABLE_CODE = YES;
				CLANG_WARN__DUPLICATE_METHOD_MATCH = YES;
				CODE_SIGN_IDENTITY = "iPhone Developer";
				COPY_PHASE_STRIP = NO;
				DEBUG_INFORMATION_FORMAT = "dwarf-with-dsym";
				ENABLE_NS_ASSERTIONS = NO;
				ENABLE_STRICT_OBJC_MSGSEND = YES;
				GCC_C_LANGUAGE_STANDARD = gnu11;
				GCC_NO_COMMON_BLOCKS = YES;
				GCC_WARN_64_TO_32_BIT_CONVERSION = YES;
				GCC_WARN_ABOUT_RETURN_TYPE = YES_ERROR;
				GCC_WARN_UNDECLARED_SELECTOR = YES;
				GCC_WARN_UNINITIALIZED_AUTOS = YES_AGGRESSIVE;
				GCC_WARN_UNUSED_FUNCTION = YES;
				GCC_WARN_UNUSED_VARIABLE = YES;
				IPHONEOS_DEPLOYMENT_TARGET = 11.1;
				MTL_ENABLE_DEBUG_INFO = NO;
				SDKROOT = iphoneos;
				VALIDATE_PRODUCT = YES;
			};
			name = Release;
		};
		8BA67A7C1FC34D730042593A /* Debug */ = {
			isa = XCBuildConfiguration;
			buildSettings = {
				ASSETCATALOG_COMPILER_APPICON_NAME = AppIcon;
				CODE_SIGN_STYLE = Automatic;
				DEVELOPMENT_TEAM = 487D8YHE27;
				INFOPLIST_FILE = ModelExampleForIS/Info.plist;
				LD_RUNPATH_SEARCH_PATHS = "$(inherited) @executable_path/Frameworks";
				PRODUCT_BUNDLE_IDENTIFIER = SKS.ModelExampleForIS;
				PRODUCT_NAME = "$(TARGET_NAME)";
				TARGETED_DEVICE_FAMILY = "1,2";
			};
			name = Debug;
		};
		8BA67A7D1FC34D730042593A /* Release */ = {
			isa = XCBuildConfiguration;
			buildSettings = {
				ASSETCATALOG_COMPILER_APPICON_NAME = AppIcon;
				CODE_SIGN_STYLE = Automatic;
				DEVELOPMENT_TEAM = 487D8YHE27;
				INFOPLIST_FILE = ModelExampleForIS/Info.plist;
				LD_RUNPATH_SEARCH_PATHS = "$(inherited) @executable_path/Frameworks";
				PRODUCT_BUNDLE_IDENTIFIER = SKS.ModelExampleForIS;
				PRODUCT_NAME = "$(TARGET_NAME)";
				TARGETED_DEVICE_FAMILY = "1,2";
			};
			name = Release;
		};
/* End XCBuildConfiguration section */

/* Begin XCConfigurationList section */
		8BA67A601FC34D730042593A /* Build configuration list for PBXProject "ModelExampleForIS" */ = {
			isa = XCConfigurationList;
			buildConfigurations = (
				8BA67A791FC34D730042593A /* Debug */,
				8BA67A7A1FC34D730042593A /* Release */,
			);
			defaultConfigurationIsVisible = 0;
			defaultConfigurationName = Release;
		};
		8BA67A7B1FC34D730042593A /* Build configuration list for PBXNativeTarget "ModelExampleForIS" */ = {
			isa = XCConfigurationList;
			buildConfigurations = (
				8BA67A7C1FC34D730042593A /* Debug */,
				8BA67A7D1FC34D730042593A /* Release */,
			);
			defaultConfigurationIsVisible = 0;
			defaultConfigurationName = Release;
		};
/* End XCConfigurationList section */
	};
	rootObject = 8BA67A5D1FC34D730042593A /* Project object */;
}
